altair==4.2.2
annotated-types==0.8.0
attrs==26.1.0
av==15.1.0
backoff==2.2.1
certifi==2026.7.22
cffi==2.1.1
charset-normalizer==3.5.1
cryptography==50.0.1
distro==1.9.0
entrypoints==0.4
filelock==3.32.7
fsspec==2025.7.0
great_expectations==1.6.3
h5py==3.11.0
hf-xet==1.6.0
huggingface-hub==0.34.4
idna==3.19
Jinja2==3.1.6
jsonschema==4.26.0
jsonschema-specifications==2025.9.1
MarkupSafe==3.0.3
marshmallow==3.26.2
mistune==3.3.4
numpy==1.26.4
numpydantic==1.8.1
packaging==26.3
pandas==2.1.4
posthog==7.54.0
pyarrow==14.0.2
pycparser==3.0
pydantic==2.13.5
pydantic_core==2.46.5
pyparsing==3.3.2
python-dateutil==2.9.0.post0
pytz==2026.3.post1
PyYAML==6.0.3
referencing==0.37.0
requests==2.34.2
rpds-py==2026.6.3
ruamel.yaml==0.19.1
scipy==1.17.1
six==1.17.0
toolz==1.1.0
tqdm==4.70.1
typing-inspection==0.4.4
typing_extensions==4.16.0
tzdata==2026.4
tzlocal==5.4.4
urllib3==2.8.0
